<?xml version="1.0" encoding="UTF-8" standalone="yes" ?>
<CodeBlocks_project_file>
	<FileVersion major="1" minor="6" />
	<Project>
		<Option title="Iron Sky" />
		<Option pch_mode="2" />
		<Option compiler="gcc" />
		<Build>
			<Target title="Debug">
				<Option output="bin/Debug/Iron Sky" prefix_auto="1" extension_auto="1" />
				<Option object_output="obj/Debug/" />
				<Option type="1" />
				<Option compiler="gcc" />
				<Compiler>
					<Add option="-pg" />
					<Add option="-g" />
				</Compiler>
				<Linker>
					<Add option="-pg -lgmon" />
				</Linker>
			</Target>
			<Target title="Release">
				<Option output="bin/Release/Iron Sky" prefix_auto="1" extension_auto="1" />
				<Option object_output="obj/Release/" />
				<Option type="1" />
				<Option compiler="gcc" />
				<Compiler>
					<Add option="-O2" />
				</Compiler>
				<Linker>
					<Add option="-s" />
				</Linker>
			</Target>
		</Build>
		<Compiler>
			<Add option="-Wall" />
			<Add directory="include" />
			<Add directory="$(#sdl.include)" />
			<Add directory="$(#sdl_image.include)" />
			<Add directory="$(#sdl_gfx.include)" />
		</Compiler>
		<Linker>
			<Add library="SDL_gfx" />
			<Add library="SDL" />
			<Add library="SDL_image" />
			<Add directory="$(#sdl.lib)" />
			<Add directory="$(#sdl_image.lib)" />
			<Add directory="$(#sdl_gfx.lib)" />
		</Linker>
		<Unit filename="include/button.h" />
		<Unit filename="include/fonctionCSDL.h" />
		<Unit filename="include/forcefield.h" />
		<Unit filename="include/game.h" />
		<Unit filename="include/gameDeployment.h" />
		<Unit filename="include/gamePause.h" />
		<Unit filename="include/junk.h" />
		<Unit filename="include/level.h" />
		<Unit filename="include/levelMenu.h" />
		<Unit filename="include/manager.h" />
		<Unit filename="include/menu.h" />
		<Unit filename="include/point.h" />
		<Unit filename="include/spaceship.h" />
		<Unit filename="include/vector.h" />
		<Unit filename="source/button.c">
			<Option compilerVar="CC" />
		</Unit>
		<Unit filename="source/fonctionCSDL.c">
			<Option compilerVar="CC" />
		</Unit>
		<Unit filename="source/forcefield.c">
			<Option compilerVar="CC" />
		</Unit>
		<Unit filename="source/game.c">
			<Option compilerVar="CC" />
		</Unit>
		<Unit filename="source/gameDeployment.c">
			<Option compilerVar="CC" />
		</Unit>
		<Unit filename="source/gamePause.c">
			<Option compilerVar="CC" />
		</Unit>
		<Unit filename="source/junk.c">
			<Option compilerVar="CC" />
		</Unit>
		<Unit filename="source/level.c">
			<Option compilerVar="CC" />
		</Unit>
		<Unit filename="source/levelMenu.c">
			<Option compilerVar="CC" />
		</Unit>
		<Unit filename="source/main.c">
			<Option compilerVar="CC" />
		</Unit>
		<Unit filename="source/manager.c">
			<Option compilerVar="CC" />
		</Unit>
		<Unit filename="source/menu.c">
			<Option compilerVar="CC" />
		</Unit>
		<Unit filename="source/spaceship.c">
			<Option compilerVar="CC" />
		</Unit>
		<Unit filename="source/vector.c">
			<Option compilerVar="CC" />
		</Unit>
		<Extensions>
			<code_completion />
			<envvars />
			<debugger />
		</Extensions>
	</Project>
</CodeBlocks_project_file>
